
Microsoft Visual Studio Solution File, Format Version 11.00
# Visual Studio 2010
Project("{8BC9CEB8-8B4A-11D0-8D11-00A0C91BC942}") = "Assignment5", "Assignment5\Assignment5.vcxproj", "{BEEC702D-FC71-4A46-8A37-562EE7BA89D7}"
EndProject
Global
	GlobalSection(SolutionConfigurationPlatforms) = preSolution
		Debug|Win32 = Debug|Win32
		Release|Win32 = Release|Win32
	EndGlobalSection
	GlobalSection(ProjectConfigurationPlatforms) = postSolution
		{BEEC702D-FC71-4A46-8A37-562EE7BA89D7}.Debug|Win32.ActiveCfg = Debug|Win32
		{BEEC702D-FC71-4A46-8A37-562EE7BA89D7}.Debug|Win32.Build.0 = Debug|Win32
		{BEEC702D-FC71-4A46-8A37-562EE7BA89D7}.Release|Win32.ActiveCfg = Release|Win32
		{BEEC702D-FC71-4A46-8A37-562EE7BA89D7}.Release|Win32.Build.0 = Release|Win32
	EndGlobalSection
	GlobalSection(SolutionProperties) = preSolution
		HideSolutionNode = FALSE
	EndGlobalSection
EndGlobal
